// !$*UTF8*$!
{
	archiveVersion = 1;
	classes = {
	};
	objectVersion = 46;
	objects = {

/* Begin PBXBuildFile section */
		F618B6FA1D30BD6B00BAC1E4 /* Meme.swift in Sources */ = {isa = PBXBuildFile; fileRef = F618B6F91D30BD6B00BAC1E4 /* Meme.swift */; };
		F65F4F331D18FCD0000F9509 /* AppDelegate.swift in Sources */ = {isa = PBXBuildFile; fileRef = F65F4F321D18FCD0000F9509 /* AppDelegate.swift */; };
		F65F4F351D18FCD0000F9509 /* MemeViewController.swift in Sources */ = {isa = PBXBuildFile; fileRef = F65F4F341D18FCD0000F9509 /* MemeViewController.swift */; };
		F65F4F381D18FCD0000F9509 /* Main.storyboard in Resources */ = {isa = PBXBuildFile; fileRef = F65F4F361D18FCD0000F9509 /* Main.storyboard */; };
		F65F4F3A1D18FCD0000F9509 /* Assets.xcassets in Resources */ = {isa = PBXBuildFile; fileRef = F65F4F391D18FCD0000F9509 /* Assets.xcassets */; };
		F65F4F481D18FCD0000F9509 /* MemeMeTests.swift in Sources */ = {isa = PBXBuildFile; fileRef = F65F4F471D18FCD0000F9509 /* MemeMeTests.swift */; };
		F65F4F531D18FCD0000F9509 /* MemeMeUITests.swift in Sources */ = {isa = PBXBuildFile; fileRef = F65F4F521D18FCD0000F9509 /* MemeMeUITests.swift */; };
		F65F4F621D18FFD9000F9509 /* MemeTextFieldDelegates.swift in Sources */ = {isa = PBXBuildFile; fileRef = F65F4F611D18FFD9000F9509 /* MemeTextFieldDelegates.swift */; };
		F66406151D6D430600BFE842 /* MemeTableViewController.swift in Sources */ = {isa = PBXBuildFile; fileRef = F66406141D6D430600BFE842 /* MemeTableViewController.swift */; };
		F68BE1421D6D5B7900B081B5 /* MemeCollectionViewController.swift in Sources */ = {isa = PBXBuildFile; fileRef = F68BE1411D6D5B7900B081B5 /* MemeCollectionViewController.swift */; };
		F68BE1441D6D5FD600B081B5 /* CustomMemeCollectionViewCell.swift in Sources */ = {isa = PBXBuildFile; fileRef = F68BE1431D6D5FD600B081B5 /* CustomMemeCollectionViewCell.swift */; };
		F68BE1481D6E586A00B081B5 /* MemeDetailViewController.swift in Sources */ = {isa = PBXBuildFile; fileRef = F68BE1471D6E586A00B081B5 /* MemeDetailViewController.swift */; };
		F68BE14A1D6E6BDB00B081B5 /* MemeEditorViewController.swift in Sources */ = {isa = PBXBuildFile; fileRef = F68BE1491D6E6BDB00B081B5 /* MemeEditorViewController.swift */; };
		F68BE14C1D6EC9FC00B081B5 /* Assets in Resources */ = {isa = PBXBuildFile; fileRef = F68BE14B1D6EC9FC00B081B5 /* Assets */; };
		F68BE1561D6EE68400B081B5 /* UIImagePickerController+SupportedOrientations.swift in Sources */ = {isa = PBXBuildFile; fileRef = F68BE1551D6EE68400B081B5 /* UIImagePickerController+SupportedOrientations.swift */; };
/* End PBXBuildFile section */

/* Begin PBXContainerItemProxy section */
		F65F4F441D18FCD0000F9509 /* PBXContainerItemProxy */ = {
			isa = PBXContainerItemProxy;
			containerPortal = F65F4F271D18FCD0000F9509 /* Project object */;
			proxyType = 1;
			remoteGlobalIDString = F65F4F2E1D18FCD0000F9509;
			remoteInfo = MemeMe;
		};
		F65F4F4F1D18FCD0000F9509 /* PBXContainerItemProxy */ = {
			isa = PBXContainerItemProxy;
			containerPortal = F65F4F271D18FCD0000F9509 /* Project object */;
			proxyType = 1;
			remoteGlobalIDString = F65F4F2E1D18FCD0000F9509;
			remoteInfo = MemeMe;
		};
/* End PBXContainerItemProxy section */

/* Begin PBXFileReference section */
		F618B6F91D30BD6B00BAC1E4 /* Meme.swift */ = {isa = PBXFileReference; fileEncoding = 4; lastKnownFileType = sourcecode.swift; path = Meme.swift; sourceTree = "<group>"; };
		F65F4F2F1D18FCD0000F9509 /* MemeMe.app */ = {isa = PBXFileReference; explicitFileType = wrapper.application; includeInIndex = 0; path = MemeMe.app; sourceTree = BUILT_PRODUCTS_DIR; };
		F65F4F321D18FCD0000F9509 /* AppDelegate.swift */ = {isa = PBXFileReference; lastKnownFileType = sourcecode.swift; path = AppDelegate.swift; sourceTree = "<group>"; };
		F65F4F341D18FCD0000F9509 /* MemeViewController.swift */ = {isa = PBXFileReference; lastKnownFileType = sourcecode.swift; path = MemeViewController.swift; sourceTree = "<group>"; };
		F65F4F371D18FCD0000F9509 /* Base */ = {isa = PBXFileReference; lastKnownFileType = file.storyboard; name = Base; path = Base.lproj/Main.storyboard; sourceTree = "<group>"; };
		F65F4F391D18FCD0000F9509 /* Assets.xcassets */ = {isa = PBXFileReference; lastKnownFileType = folder.assetcatalog; path = Assets.xcassets; sourceTree = "<group>"; };
		F65F4F3E1D18FCD0000F9509 /* Info.plist */ = {isa = PBXFileReference; lastKnownFileType = text.plist.xml; path = Info.plist; sourceTree = "<group>"; };
		F65F4F431D18FCD0000F9509 /* MemeMeTests.xctest */ = {isa = PBXFileReference; explicitFileType = wrapper.cfbundle; includeInIndex = 0; path = MemeMeTests.xctest; sourceTree = BUILT_PRODUCTS_DIR; };
		F65F4F471D18FCD0000F9509 /* MemeMeTests.swift */ = {isa = PBXFileReference; lastKnownFileType = sourcecode.swift; path = MemeMeTests.swift; sourceTree = "<group>"; };
		F65F4F491D18FCD0000F9509 /* Info.plist */ = {isa = PBXFileReference; lastKnownFileType = text.plist.xml; path = Info.plist; sourceTree = "<group>"; };
		F65F4F4E1D18FCD0000F9509 /* MemeMeUITests.xctest */ = {isa = PBXFileReference; explicitFileType = wrapper.cfbundle; includeInIndex = 0; path = MemeMeUITests.xctest; sourceTree = BUILT_PRODUCTS_DIR; };
		F65F4F521D18FCD0000F9509 /* MemeMeUITests.swift */ = {isa = PBXFileReference; lastKnownFileType = sourcecode.swift; path = MemeMeUITests.swift; sourceTree = "<group>"; };
		F65F4F541D18FCD0000F9509 /* Info.plist */ = {isa = PBXFileReference; lastKnownFileType = text.plist.xml; path = Info.plist; sourceTree = "<group>"; };
		F65F4F611D18FFD9000F9509 /* MemeTextFieldDelegates.swift */ = {isa = PBXFileReference; fileEncoding = 4; lastKnownFileType = sourcecode.swift; path = MemeTextFieldDelegates.swift; sourceTree = "<group>"; };
		F66406141D6D430600BFE842 /* MemeTableViewController.swift */ = {isa = PBXFileReference; fileEncoding = 4; lastKnownFileType = sourcecode.swift; path = MemeTableViewController.swift; sourceTree = "<group>"; };
		F68BE1411D6D5B7900B081B5 /* MemeCollectionViewController.swift */ = {isa = PBXFileReference; fileEncoding = 4; lastKnownFileType = sourcecode.swift; path = MemeCollectionViewController.swift; sourceTree = "<group>"; };
		F68BE1431D6D5FD600B081B5 /* CustomMemeCollectionViewCell.swift */ = {isa = PBXFileReference; fileEncoding = 4; lastKnownFileType = sourcecode.swift; path = CustomMemeCollectionViewCell.swift; sourceTree = "<group>"; };
		F68BE1471D6E586A00B081B5 /* MemeDetailViewController.swift */ = {isa = PBXFileReference; fileEncoding = 4; lastKnownFileType = sourcecode.swift; name = MemeDetailViewController.swift; path = ../MemeDetailViewController.swift; sourceTree = "<group>"; };
		F68BE1491D6E6BDB00B081B5 /* MemeEditorViewController.swift */ = {isa = PBXFileReference; fileEncoding = 4; lastKnownFileType = sourcecode.swift; path = MemeEditorViewController.swift; sourceTree = "<group>"; };
		F68BE14B1D6EC9FC00B081B5 /* Assets */ = {isa = PBXFileReference; lastKnownFileType = folder; path = Assets; sourceTree = "<group>"; };
		F68BE1551D6EE68400B081B5 /* UIImagePickerController+SupportedOrientations.swift */ = {isa = PBXFileReference; fileEncoding = 4; lastKnownFileType = sourcecode.swift; path = "UIImagePickerController+SupportedOrientations.swift"; sourceTree = "<group>"; };
/* End PBXFileReference section */

/* Begin PBXFrameworksBuildPhase section */
		F65F4F2C1D18FCD0000F9509 /* Frameworks */ = {
			isa = PBXFrameworksBuildPhase;
			buildActionMask = 2147483647;
			files = (
			);
			runOnlyForDeploymentPostprocessing = 0;
		};
		F65F4F401D18FCD0000F9509 /* Frameworks */ = {
			isa = PBXFrameworksBuildPhase;
			buildActionMask = 2147483647;
			files = (
			);
			runOnlyForDeploymentPostprocessing = 0;
		};
		F65F4F4B1D18FCD0000F9509 /* Frameworks */ = {
			isa = PBXFrameworksBuildPhase;
			buildActionMask = 2147483647;
			files = (
			);
			runOnlyForDeploymentPostprocessing = 0;
		};
/* End PBXFrameworksBuildPhase section */

/* Begin PBXGroup section */
		F65F4F261D18FCD0000F9509 = {
			isa = PBXGroup;
			children = (
				F65F4F311D18FCD0000F9509 /* MemeMe */,
				F65F4F461D18FCD0000F9509 /* MemeMeTests */,
				F65F4F511D18FCD0000F9509 /* MemeMeUITests */,
				F65F4F301D18FCD0000F9509 /* Products */,
			);
			sourceTree = "<group>";
		};
		F65F4F301D18FCD0000F9509 /* Products */ = {
			isa = PBXGroup;
			children = (
				F65F4F2F1D18FCD0000F9509 /* MemeMe.app */,
				F65F4F431D18FCD0000F9509 /* MemeMeTests.xctest */,
				F65F4F4E1D18FCD0000F9509 /* MemeMeUITests.xctest */,
			);
			name = Products;
			sourceTree = "<group>";
		};
		F65F4F311D18FCD0000F9509 /* MemeMe */ = {
			isa = PBXGroup;
			children = (
				F65F4F601D18FFB0000F9509 /* TextFieldDelegates */,
				F65F4F321D18FCD0000F9509 /* AppDelegate.swift */,
				F65F4F341D18FCD0000F9509 /* MemeViewController.swift */,
				F68BE1551D6EE68400B081B5 /* UIImagePickerController+SupportedOrientations.swift */,
				F65F4F361D18FCD0000F9509 /* Main.storyboard */,
				F68BE1491D6E6BDB00B081B5 /* MemeEditorViewController.swift */,
				F68BE1431D6D5FD600B081B5 /* CustomMemeCollectionViewCell.swift */,
				F68BE1411D6D5B7900B081B5 /* MemeCollectionViewController.swift */,
				F66406141D6D430600BFE842 /* MemeTableViewController.swift */,
				F68BE1471D6E586A00B081B5 /* MemeDetailViewController.swift */,
				F618B6F91D30BD6B00BAC1E4 /* Meme.swift */,
				F65F4F391D18FCD0000F9509 /* Assets.xcassets */,
				F68BE14B1D6EC9FC00B081B5 /* Assets */,
				F65F4F3E1D18FCD0000F9509 /* Info.plist */,
			);
			path = MemeMe;
			sourceTree = "<group>";
		};
		F65F4F461D18FCD0000F9509 /* MemeMeTests */ = {
			isa = PBXGroup;
			children = (
				F65F4F471D18FCD0000F9509 /* MemeMeTests.swift */,
				F65F4F491D18FCD0000F9509 /* Info.plist */,
			);
			path = MemeMeTests;
			sourceTree = "<group>";
		};
		F65F4F511D18FCD0000F9509 /* MemeMeUITests */ = {
			isa = PBXGroup;
			children = (
				F65F4F521D18FCD0000F9509 /* MemeMeUITests.swift */,
				F65F4F541D18FCD0000F9509 /* Info.plist */,
			);
			path = MemeMeUITests;
			sourceTree = "<group>";
		};
		F65F4F601D18FFB0000F9509 /* TextFieldDelegates */ = {
			isa = PBXGroup;
			children = (
				F65F4F611D18FFD9000F9509 /* MemeTextFieldDelegates.swift */,
			);
			name = TextFieldDelegates;
			sourceTree = "<group>";
		};
/* End PBXGroup section */

/* Begin PBXNativeTarget section */
		F65F4F2E1D18FCD0000F9509 /* MemeMe */ = {
			isa = PBXNativeTarget;
			buildConfigurationList = F65F4F571D18FCD0000F9509 /* Build configuration list for PBXNativeTarget "MemeMe" */;
			buildPhases = (
				F65F4F2B1D18FCD0000F9509 /* Sources */,
				F65F4F2C1D18FCD0000F9509 /* Frameworks */,
				F65F4F2D1D18FCD0000F9509 /* Resources */,
			);
			buildRules = (
			);
			dependencies = (
			);
			name = MemeMe;
			productName = MemeMe;
			productReference = F65F4F2F1D18FCD0000F9509 /* MemeMe.app */;
			productType = "com.apple.product-type.application";
		};
		F65F4F421D18FCD0000F9509 /* MemeMeTests */ = {
			isa = PBXNativeTarget;
			buildConfigurationList = F65F4F5A1D18FCD0000F9509 /* Build configuration list for PBXNativeTarget "MemeMeTests" */;
			buildPhases = (
				F65F4F3F1D18FCD0000F9509 /* Sources */,
				F65F4F401D18FCD0000F9509 /* Frameworks */,
				F65F4F411D18FCD0000F9509 /* Resources */,
			);
			buildRules = (
			);
			dependencies = (
				F65F4F451D18FCD0000F9509 /* PBXTargetDependency */,
			);
			name = MemeMeTests;
			productName = MemeMeTests;
			productReference = F65F4F431D18FCD0000F9509 /* MemeMeTests.xctest */;
			productType = "com.apple.product-type.bundle.unit-test";
		};
		F65F4F4D1D18FCD0000F9509 /* MemeMeUITests */ = {
			isa = PBXNativeTarget;
			buildConfigurationList = F65F4F5D1D18FCD0000F9509 /* Build configuration list for PBXNativeTarget "MemeMeUITests" */;
			buildPhases = (
				F65F4F4A1D18FCD0000F9509 /* Sources */,
				F65F4F4B1D18FCD0000F9509 /* Frameworks */,
				F65F4F4C1D18FCD0000F9509 /* Resources */,
			);
			buildRules = (
			);
			dependencies = (
				F65F4F501D18FCD0000F9509 /* PBXTargetDependency */,
			);
			name = MemeMeUITests;
			productName = MemeMeUITests;
			productReference = F65F4F4E1D18FCD0000F9509 /* MemeMeUITests.xctest */;
			productType = "com.apple.product-type.bundle.ui-testing";
		};
/* End PBXNativeTarget section */

/* Begin PBXProject section */
		F65F4F271D18FCD0000F9509 /* Project object */ = {
			isa = PBXProject;
			attributes = {
				LastSwiftUpdateCheck = 0730;
				LastUpgradeCheck = 0730;
				ORGANIZATIONNAME = "Zero Mu, LLC";
				TargetAttributes = {
					F65F4F2E1D18FCD0000F9509 = {
						CreatedOnToolsVersion = 7.3.1;
						DevelopmentTeam = 37R6UV3BWH;
					};
					F65F4F421D18FCD0000F9509 = {
						CreatedOnToolsVersion = 7.3.1;
						DevelopmentTeam = 37R6UV3BWH;
						TestTargetID = F65F4F2E1D18FCD0000F9509;
					};
					F65F4F4D1D18FCD0000F9509 = {
						CreatedOnToolsVersion = 7.3.1;
						DevelopmentTeam = 37R6UV3BWH;
						TestTargetID = F65F4F2E1D18FCD0000F9509;
					};
				};
			};
			buildConfigurationList = F65F4F2A1D18FCD0000F9509 /* Build configuration list for PBXProject "MemeMe" */;
			compatibilityVersion = "Xcode 3.2";
			developmentRegion = English;
			hasScannedForEncodings = 0;
			knownRegions = (
				en,
				Base,
			);
			mainGroup = F65F4F261D18FCD0000F9509;
			productRefGroup = F65F4F301D18FCD0000F9509 /* Products */;
			projectDirPath = "";
			projectRoot = "";
			targets = (
				F65F4F2E1D18FCD0000F9509 /* MemeMe */,
				F65F4F421D18FCD0000F9509 /* MemeMeTests */,
				F65F4F4D1D18FCD0000F9509 /* MemeMeUITests */,
			);
		};
/* End PBXProject section */

/* Begin PBXResourcesBuildPhase section */
		F65F4F2D1D18FCD0000F9509 /* Resources */ = {
			isa = PBXResourcesBuildPhase;
			buildActionMask = 2147483647;
			files = (
				F68BE14C1D6EC9FC00B081B5 /* Assets in Resources */,
				F65F4F3A1D18FCD0000F9509 /* Assets.xcassets in Resources */,
				F65F4F381D18FCD0000F9509 /* Main.storyboard in Resources */,
			);
			runOnlyForDeploymentPostprocessing = 0;
		};
		F65F4F411D18FCD0000F9509 /* Resources */ = {
			isa = PBXResourcesBuildPhase;
			buildActionMask = 2147483647;
			files = (
			);
			runOnlyForDeploymentPostprocessing = 0;
		};
		F65F4F4C1D18FCD0000F9509 /* Resources */ = {
			isa = PBXResourcesBuildPhase;
			buildActionMask = 2147483647;
			files = (
			);
			runOnlyForDeploymentPostprocessing = 0;
		};
/* End PBXResourcesBuildPhase section */

/* Begin PBXSourcesBuildPhase section */
		F65F4F2B1D18FCD0000F9509 /* Sources */ = {
			isa = PBXSourcesBuildPhase;
			buildActionMask = 2147483647;
			files = (
				F65F4F621D18FFD9000F9509 /* MemeTextFieldDelegates.swift in Sources */,
				F618B6FA1D30BD6B00BAC1E4 /* Meme.swift in Sources */,
				F68BE1441D6D5FD600B081B5 /* CustomMemeCollectionViewCell.swift in Sources */,
				F65F4F351D18FCD0000F9509 /* MemeViewController.swift in Sources */,
				F66406151D6D430600BFE842 /* MemeTableViewController.swift in Sources */,
				F68BE14A1D6E6BDB00B081B5 /* MemeEditorViewController.swift in Sources */,
				F68BE1421D6D5B7900B081B5 /* MemeCollectionViewController.swift in Sources */,
				F65F4F331D18FCD0000F9509 /* AppDelegate.swift in Sources */,
				F68BE1481D6E586A00B081B5 /* MemeDetailViewController.swift in Sources */,
				F68BE1561D6EE68400B081B5 /* UIImagePickerController+SupportedOrientations.swift in Sources */,
			);
			runOnlyForDeploymentPostprocessing = 0;
		};
		F65F4F3F1D18FCD0000F9509 /* Sources */ = {
			isa = PBXSourcesBuildPhase;
			buildActionMask = 2147483647;
			files = (
				F65F4F481D18FCD0000F9509 /* MemeMeTests.swift in Sources */,
			);
			runOnlyForDeploymentPostprocessing = 0;
		};
		F65F4F4A1D18FCD0000F9509 /* Sources */ = {
			isa = PBXSourcesBuildPhase;
			buildActionMask = 2147483647;
			files = (
				F65F4F531D18FCD0000F9509 /* MemeMeUITests.swift in Sources */,
			);
			runOnlyForDeploymentPostprocessing = 0;
		};
/* End PBXSourcesBuildPhase section */

/* Begin PBXTargetDependency section */
		F65F4F451D18FCD0000F9509 /* PBXTargetDependency */ = {
			isa = PBXTargetDependency;
			target = F65F4F2E1D18FCD0000F9509 /* MemeMe */;
			targetProxy = F65F4F441D18FCD0000F9509 /* PBXContainerItemProxy */;
		};
		F65F4F501D18FCD0000F9509 /* PBXTargetDependency */ = {
			isa = PBXTargetDependency;
			target = F65F4F2E1D18FCD0000F9509 /* MemeMe */;
			targetProxy = F65F4F4F1D18FCD0000F9509 /* PBXContainerItemProxy */;
		};
/* End PBXTargetDependency section */

/* Begin PBXVariantGroup section */
		F65F4F361D18FCD0000F9509 /* Main.storyboard */ = {
			isa = PBXVariantGroup;
			children = (
				F65F4F371D18FCD0000F9509 /* Base */,
			);
			name = Main.storyboard;
			sourceTree = "<group>";
		};
/* End PBXVariantGroup section */

/* Begin XCBuildConfiguration section */
		F65F4F551D18FCD0000F9509 /* Debug */ = {
			isa = XCBuildConfiguration;
			buildSettings = {
				ALWAYS_SEARCH_USER_PATHS = NO;
				CLANG_ANALYZER_NONNULL = YES;
				CLANG_CXX_LANGUAGE_STANDARD = "gnu++0x";
				CLANG_CXX_LIBRARY = "libc++";
				CLANG_ENABLE_MODULES = YES;
				CLANG_ENABLE_OBJC_ARC = YES;
				CLANG_WARN_BOOL_CONVERSION = YES;
				CLANG_WARN_CONSTANT_CONVERSION = YES;
				CLANG_WARN_DIRECT_OBJC_ISA_USAGE = YES_ERROR;
				CLANG_WARN_EMPTY_BODY = YES;
				CLANG_WARN_ENUM_CONVERSION = YES;
				CLANG_WARN_INT_CONVERSION = YES;
				CLANG_WARN_OBJC_ROOT_CLASS = YES_ERROR;
				CLANG_WARN_UNREACHABLE_CODE = YES;
				CLANG_WARN__DUPLICATE_METHOD_MATCH = YES;
				"CODE_SIGN_IDENTITY[sdk=iphoneos*]" = "iPhone Developer";
				COPY_PHASE_STRIP = NO;
				DEBUG_INFORMATION_FORMAT = dwarf;
				ENABLE_STRICT_OBJC_MSGSEND = YES;
				ENABLE_TESTABILITY = YES;
				GCC_C_LANGUAGE_STANDARD = gnu99;
				GCC_DYNAMIC_NO_PIC = NO;
				GCC_NO_COMMON_BLOCKS = YES;
				GCC_OPTIMIZATION_LEVEL = 0;
				GCC_PREPROCESSOR_DEFINITIONS = (
					"DEBUG=1",
					"$(inherited)",
				);
				GCC_WARN_64_TO_32_BIT_CONVERSION = YES;
				GCC_WARN_ABOUT_RETURN_TYPE = YES_ERROR;
				GCC_WARN_UNDECLARED_SELECTOR = YES;
				GCC_WARN_UNINITIALIZED_AUTOS = YES_AGGRESSIVE;
				GCC_WARN_UNUSED_FUNCTION = YES;
				GCC_WARN_UNUSED_VARIABLE = YES;
				IPHONEOS_DEPLOYMENT_TARGET = 9.3;
				MTL_ENABLE_DEBUG_INFO = YES;
				ONLY_ACTIVE_ARCH = YES;
				SDKROOT = iphoneos;
				SWIFT_OPTIMIZATION_LEVEL = "-Onone";
				TARGETED_DEVICE_FAMILY = "1,2";
			};
			name = Debug;
		};
		F65F4F561D18FCD0000F9509 /* Release */ = {
			isa = XCBuildConfiguration;
			buildSettings = {
				ALWAYS_SEARCH_USER_PATHS = NO;
				CLANG_ANALYZER_NONNULL = YES;
				CLANG_CXX_LANGUAGE_STANDARD = "gnu++0x";
				CLANG_CXX_LIBRARY = "libc++";
				CLANG_ENABLE_MODULES = YES;
				CLANG_ENABLE_OBJC_ARC = YES;
				CLANG_WARN_BOOL_CONVERSION = YES;
				CLANG_WARN_CONSTANT_CONVERSION = YES;
				CLANG_WARN_DIRECT_OBJC_ISA_USAGE = YES_ERROR;
				CLANG_WARN_EMPTY_BODY = YES;
				CLANG_WARN_ENUM_CONVERSION = YES;
				CLANG_WARN_INT_CONVERSION = YES;
				CLANG_WARN_OBJC_ROOT_CLASS = YES_ERROR;
				CLANG_WARN_UNREACHABLE_CODE = YES;
				CLANG_WARN__DUPLICATE_METHOD_MATCH = YES;
				"CODE_SIGN_IDENTITY[sdk=iphoneos*]" = "iPhone Developer";
				COPY_PHASE_STRIP = NO;
				DEBUG_INFORMATION_FORMAT = "dwarf-with-dsym";
				ENABLE_NS_ASSERTIONS = NO;
				ENABLE_STRICT_OBJC_MSGSEND = YES;
				GCC_C_LANGUAGE_STANDARD = gnu99;
				GCC_NO_COMMON_BLOCKS = YES;
				GCC_WARN_64_TO_32_BIT_CONVERSION = YES;
				GCC_WARN_ABOUT_RETURN_TYPE = YES_ERROR;
				GCC_WARN_UNDECLARED_SELECTOR = YES;
				GCC_WARN_UNINITIALIZED_AUTOS = YES_AGGRESSIVE;
				GCC_WARN_UNUSED_FUNCTION = YES;
				GCC_WARN_UNUSED_VARIABLE = YES;
				IPHONEOS_DEPLOYMENT_TARGET = 9.3;
				MTL_ENABLE_DEBUG_INFO = NO;
				SDKROOT = iphoneos;
				TARGETED_DEVICE_FAMILY = "1,2";
				VALIDATE_PRODUCT = YES;
			};
			name = Release;
		};
		F65F4F581D18FCD0000F9509 /* Debug */ = {
			isa = XCBuildConfiguration;
			buildSettings = {
				ASSETCATALOG_COMPILER_APPICON_NAME = AppIcon;
				ASSETCATALOG_COMPILER_LAUNCHIMAGE_NAME = LaunchImageSet;
				INFOPLIST_FILE = MemeMe/Info.plist;
				LD_RUNPATH_SEARCH_PATHS = "$(inherited) @executable_path/Frameworks";
				PRODUCT_BUNDLE_IDENTIFIER = com.zeromu.MemeMe;
				PRODUCT_NAME = "$(TARGET_NAME)";
			};
			name = Debug;
		};
		F65F4F591D18FCD0000F9509 /* Release */ = {
			isa = XCBuildConfiguration;
			buildSettings = {
				ASSETCATALOG_COMPILER_APPICON_NAME = AppIcon;
				ASSETCATALOG_COMPILER_LAUNCHIMAGE_NAME = LaunchImageSet;
				INFOPLIST_FILE = MemeMe/Info.plist;
				LD_RUNPATH_SEARCH_PATHS = "$(inherited) @executable_path/Frameworks";
				PRODUCT_BUNDLE_IDENTIFIER = com.zeromu.MemeMe;
				PRODUCT_NAME = "$(TARGET_NAME)";
			};
			name = Release;
		};
		F65F4F5B1D18FCD0000F9509 /* Debug */ = {
			isa = XCBuildConfiguration;
			buildSettings = {
				BUNDLE_LOADER = "$(TEST_HOST)";
				INFOPLIST_FILE = MemeMeTests/Info.plist;
				LD_RUNPATH_SEARCH_PATHS = "$(inherited) @executable_path/Frameworks @loader_path/Frameworks";
				PRODUCT_BUNDLE_IDENTIFIER = com.zeromu.MemeMeTests;
				PRODUCT_NAME = "$(TARGET_NAME)";
				TEST_HOST = "$(BUILT_PRODUCTS_DIR)/MemeMe.app/MemeMe";
			};
			name = Debug;
		};
		F65F4F5C1D18FCD0000F9509 /* Release */ = {
			isa = XCBuildConfiguration;
			buildSettings = {
				BUNDLE_LOADER = "$(TEST_HOST)";
				INFOPLIST_FILE = MemeMeTests/Info.plist;
				LD_RUNPATH_SEARCH_PATHS = "$(inherited) @executable_path/Frameworks @loader_path/Frameworks";
				PRODUCT_BUNDLE_IDENTIFIER = com.zeromu.MemeMeTests;
				PRODUCT_NAME = "$(TARGET_NAME)";
				TEST_HOST = "$(BUILT_PRODUCTS_DIR)/MemeMe.app/MemeMe";
			};
			name = Release;
		};
		F65F4F5E1D18FCD0000F9509 /* Debug */ = {
			isa = XCBuildConfiguration;
			buildSettings = {
				INFOPLIST_FILE = MemeMeUITests/Info.plist;
				LD_RUNPATH_SEARCH_PATHS = "$(inherited) @executable_path/Frameworks @loader_path/Frameworks";
				PRODUCT_BUNDLE_IDENTIFIER = com.zeromu.MemeMeUITests;
				PRODUCT_NAME = "$(TARGET_NAME)";
				TEST_TARGET_NAME = MemeMe;
			};
			name = Debug;
		};
		F65F4F5F1D18FCD0000F9509 /* Release */ = {
			isa = XCBuildConfiguration;
			buildSettings = {
				INFOPLIST_FILE = MemeMeUITests/Info.plist;
				LD_RUNPATH_SEARCH_PATHS = "$(inherited) @executable_path/Frameworks @loader_path/Frameworks";
				PRODUCT_BUNDLE_IDENTIFIER = com.zeromu.MemeMeUITests;
				PRODUCT_NAME = "$(TARGET_NAME)";
				TEST_TARGET_NAME = MemeMe;
			};
			name = Release;
		};
/* End XCBuildConfiguration section */

/* Begin XCConfigurationList section */
		F65F4F2A1D18FCD0000F9509 /* Build configuration list for PBXProject "MemeMe" */ = {
			isa = XCConfigurationList;
			buildConfigurations = (
				F65F4F551D18FCD0000F9509 /* Debug */,
				F65F4F561D18FCD0000F9509 /* Release */,
			);
			defaultConfigurationIsVisible = 0;
			defaultConfigurationName = Release;
		};
		F65F4F571D18FCD0000F9509 /* Build configuration list for PBXNativeTarget "MemeMe" */ = {
			isa = XCConfigurationList;
			buildConfigurations = (
				F65F4F581D18FCD0000F9509 /* Debug */,
				F65F4F591D18FCD0000F9509 /* Release */,
			);
			defaultConfigurationIsVisible = 0;
			defaultConfigurationName = Release;
		};
		F65F4F5A1D18FCD0000F9509 /* Build configuration list for PBXNativeTarget "MemeMeTests" */ = {
			isa = XCConfigurationList;
			buildConfigurations = (
				F65F4F5B1D18FCD0000F9509 /* Debug */,
				F65F4F5C1D18FCD0000F9509 /* Release */,
			);
			defaultConfigurationIsVisible = 0;
			defaultConfigurationName = Release;
		};
		F65F4F5D1D18FCD0000F9509 /* Build configuration list for PBXNativeTarget "MemeMeUITests" */ = {
			isa = XCConfigurationList;
			buildConfigurations = (
				F65F4F5E1D18FCD0000F9509 /* Debug */,
				F65F4F5F1D18FCD0000F9509 /* Release */,
			);
			defaultConfigurationIsVisible = 0;
			defaultConfigurationName = Release;
		};
/* End XCConfigurationList section */
	};
	rootObject = F65F4F271D18FCD0000F9509 /* Project object */;
}
